
Microsoft Visual Studio Solution File, Format Version 12.00
# Visual Studio Version 17
VisualStudioVersion = 17.13.35931.197 d17.13
MinimumVisualStudioVersion = 10.0.40219.1
Project("{FAE04EC0-301F-11D3-BF4B-00C04F79EFBC}") = "tpmodul10_103022300162", "tpmodul10_103022300162.csproj", "{AA0D501E-3351-44BB-A86B-1FEF03F0937D}"
EndProject
Global
	GlobalSection(SolutionConfigurationPlatforms) = preSolution
		Debug|Any CPU = Debug|Any CPU
		Release|Any CPU = Release|Any CPU
	EndGlobalSection
	GlobalSection(ProjectConfigurationPlatforms) = postSolution
		{AA0D501E-3351-44BB-A86B-1FEF03F0937D}.Debug|Any CPU.ActiveCfg = Debug|Any CPU
		{AA0D501E-3351-44BB-A86B-1FEF03F0937D}.Debug|Any CPU.Build.0 = Debug|Any CPU
		{AA0D501E-3351-44BB-A86B-1FEF03F0937D}.Release|Any CPU.ActiveCfg = Release|Any CPU
		{AA0D501E-3351-44BB-A86B-1FEF03F0937D}.Release|Any CPU.Build.0 = Release|Any CPU
	EndGlobalSection
	GlobalSection(SolutionProperties) = preSolution
		HideSolutionNode = FALSE
	EndGlobalSection
	GlobalSection(ExtensibilityGlobals) = postSolution
		SolutionGuid = {8D0A9147-F229-429E-82CC-F28373F9B079}
	EndGlobalSection
EndGlobal
